// !$*UTF8*$!
{
	archiveVersion = 1;
	classes = {
	};
	objectVersion = 56;
	objects = {

/* Begin PBXBuildFile section */
		C6535D552EA0B08C00837A7C /* HushhVoiceApp.swift in Sources */ = {isa = PBXBuildFile; fileRef = C6535D542EA0B08C00837A7C /* HushhVoiceApp.swift */; };
		C6535D592EA0B08D00837A7C /* Assets.xcassets in Resources */ = {isa = PBXBuildFile; fileRef = C6535D582EA0B08D00837A7C /* Assets.xcassets */; };
		C6535D5C2EA0B08D00837A7C /* Preview Assets.xcassets in Resources */ = {isa = PBXBuildFile; fileRef = C6535D5B2EA0B08D00837A7C /* Preview Assets.xcassets */; };
		C6535D642EA0B35600837A7C /* OpenAIKit in Frameworks */ = {isa = PBXBuildFile; productRef = C6535D632EA0B35600837A7C /* OpenAIKit */; };
		C6535D662EA0B6B400837A7C /* Models.swift in Sources */ = {isa = PBXBuildFile; fileRef = C6535D652EA0B6B400837A7C /* Models.swift */; };
		C6535D682EA0B6F800837A7C /* HushhAPI.swift in Sources */ = {isa = PBXBuildFile; fileRef = C6535D672EA0B6F800837A7C /* HushhAPI.swift */; };
		C6535D6A2EA0B72200837A7C /* GoogleSignInManager.swift in Sources */ = {isa = PBXBuildFile; fileRef = C6535D692EA0B72200837A7C /* GoogleSignInManager.swift */; };
		C6535D6C2EA0B75000837A7C /* ChatStore.swift in Sources */ = {isa = PBXBuildFile; fileRef = C6535D6B2EA0B75000837A7C /* ChatStore.swift */; };
		C6535D6E2EA0B76C00837A7C /* MessageRow.swift in Sources */ = {isa = PBXBuildFile; fileRef = C6535D6D2EA0B76C00837A7C /* MessageRow.swift */; };
		C6535D702EA0B7A500837A7C /* ChatView.swift in Sources */ = {isa = PBXBuildFile; fileRef = C6535D6F2EA0B7A500837A7C /* ChatView.swift */; };
		C6535D722EA0BB1100837A7C /* Theme.swift in Sources */ = {isa = PBXBuildFile; fileRef = C6535D712EA0BB1100837A7C /* Theme.swift */; };
		C6535D742EA0BB7C00837A7C /* TypingIndicatorView.swift in Sources */ = {isa = PBXBuildFile; fileRef = C6535D732EA0BB7C00837A7C /* TypingIndicatorView.swift */; };
		C6535D762EA0BB9E00837A7C /* ComposerView.swift in Sources */ = {isa = PBXBuildFile; fileRef = C6535D752EA0BB9E00837A7C /* ComposerView.swift */; };
		C6535D782EA0CFB200837A7C /* HeaderBar.swift in Sources */ = {isa = PBXBuildFile; fileRef = C6535D772EA0CFB200837A7C /* HeaderBar.swift */; };
		C6535D7A2EA0D06900837A7C /* AutoGrowingTextView.swift in Sources */ = {isa = PBXBuildFile; fileRef = C6535D792EA0D06900837A7C /* AutoGrowingTextView.swift */; };
/* End PBXBuildFile section */

/* Begin PBXFileReference section */
		C6535D512EA0B08C00837A7C /* HushhVoice.app */ = {isa = PBXFileReference; explicitFileType = wrapper.application; includeInIndex = 0; path = HushhVoice.app; sourceTree = BUILT_PRODUCTS_DIR; };
		C6535D542EA0B08C00837A7C /* HushhVoiceApp.swift */ = {isa = PBXFileReference; lastKnownFileType = sourcecode.swift; path = HushhVoiceApp.swift; sourceTree = "<group>"; };
		C6535D582EA0B08D00837A7C /* Assets.xcassets */ = {isa = PBXFileReference; lastKnownFileType = folder.assetcatalog; path = Assets.xcassets; sourceTree = "<group>"; };
		C6535D5B2EA0B08D00837A7C /* Preview Assets.xcassets */ = {isa = PBXFileReference; lastKnownFileType = folder.assetcatalog; path = "Preview Assets.xcassets"; sourceTree = "<group>"; };
		C6535D652EA0B6B400837A7C /* Models.swift */ = {isa = PBXFileReference; lastKnownFileType = sourcecode.swift; path = Models.swift; sourceTree = "<group>"; };
		C6535D672EA0B6F800837A7C /* HushhAPI.swift */ = {isa = PBXFileReference; lastKnownFileType = sourcecode.swift; path = HushhAPI.swift; sourceTree = "<group>"; };
		C6535D692EA0B72200837A7C /* GoogleSignInManager.swift */ = {isa = PBXFileReference; lastKnownFileType = sourcecode.swift; path = GoogleSignInManager.swift; sourceTree = "<group>"; };
		C6535D6B2EA0B75000837A7C /* ChatStore.swift */ = {isa = PBXFileReference; lastKnownFileType = sourcecode.swift; path = ChatStore.swift; sourceTree = "<group>"; };
		C6535D6D2EA0B76C00837A7C /* MessageRow.swift */ = {isa = PBXFileReference; lastKnownFileType = sourcecode.swift; path = MessageRow.swift; sourceTree = "<group>"; };
		C6535D6F2EA0B7A500837A7C /* ChatView.swift */ = {isa = PBXFileReference; lastKnownFileType = sourcecode.swift; path = ChatView.swift; sourceTree = "<group>"; };
		C6535D712EA0BB1100837A7C /* Theme.swift */ = {isa = PBXFileReference; lastKnownFileType = sourcecode.swift; path = Theme.swift; sourceTree = "<group>"; };
		C6535D732EA0BB7C00837A7C /* TypingIndicatorView.swift */ = {isa = PBXFileReference; lastKnownFileType = sourcecode.swift; path = TypingIndicatorView.swift; sourceTree = "<group>"; };
		C6535D752EA0BB9E00837A7C /* ComposerView.swift */ = {isa = PBXFileReference; lastKnownFileType = sourcecode.swift; path = ComposerView.swift; sourceTree = "<group>"; };
		C6535D772EA0CFB200837A7C /* HeaderBar.swift */ = {isa = PBXFileReference; lastKnownFileType = sourcecode.swift; path = HeaderBar.swift; sourceTree = "<group>"; };
		C6535D792EA0D06900837A7C /* AutoGrowingTextView.swift */ = {isa = PBXFileReference; lastKnownFileType = sourcecode.swift; path = AutoGrowingTextView.swift; sourceTree = "<group>"; };
/* End PBXFileReference section */

/* Begin PBXFrameworksBuildPhase section */
		C6535D4E2EA0B08C00837A7C /* Frameworks */ = {
			isa = PBXFrameworksBuildPhase;
			buildActionMask = 2147483647;
			files = (
				C6535D642EA0B35600837A7C /* OpenAIKit in Frameworks */,
			);
			runOnlyForDeploymentPostprocessing = 0;
		};
/* End PBXFrameworksBuildPhase section */

/* Begin PBXGroup section */
		C6535D482EA0B08C00837A7C = {
			isa = PBXGroup;
			children = (
				C6535D532EA0B08C00837A7C /* HushhVoice */,
				C6535D522EA0B08C00837A7C /* Products */,
			);
			sourceTree = "<group>";
		};
		C6535D522EA0B08C00837A7C /* Products */ = {
			isa = PBXGroup;
			children = (
				C6535D512EA0B08C00837A7C /* HushhVoice.app */,
			);
			name = Products;
			sourceTree = "<group>";
		};
		C6535D532EA0B08C00837A7C /* HushhVoice */ = {
			isa = PBXGroup;
			children = (
				C6535D542EA0B08C00837A7C /* HushhVoiceApp.swift */,
				C6535D652EA0B6B400837A7C /* Models.swift */,
				C6535D672EA0B6F800837A7C /* HushhAPI.swift */,
				C6535D6D2EA0B76C00837A7C /* MessageRow.swift */,
				C6535D732EA0BB7C00837A7C /* TypingIndicatorView.swift */,
				C6535D692EA0B72200837A7C /* GoogleSignInManager.swift */,
				C6535D6B2EA0B75000837A7C /* ChatStore.swift */,
				C6535D772EA0CFB200837A7C /* HeaderBar.swift */,
				C6535D712EA0BB1100837A7C /* Theme.swift */,
				C6535D792EA0D06900837A7C /* AutoGrowingTextView.swift */,
				C6535D752EA0BB9E00837A7C /* ComposerView.swift */,
				C6535D6F2EA0B7A500837A7C /* ChatView.swift */,
				C6535D582EA0B08D00837A7C /* Assets.xcassets */,
				C6535D5A2EA0B08D00837A7C /* Preview Content */,
			);
			path = HushhVoice;
			sourceTree = "<group>";
		};
		C6535D5A2EA0B08D00837A7C /* Preview Content */ = {
			isa = PBXGroup;
			children = (
				C6535D5B2EA0B08D00837A7C /* Preview Assets.xcassets */,
			);
			path = "Preview Content";
			sourceTree = "<group>";
		};
/* End PBXGroup section */

/* Begin PBXNativeTarget section */
		C6535D502EA0B08C00837A7C /* HushhVoice */ = {
			isa = PBXNativeTarget;
			buildConfigurationList = C6535D5F2EA0B08D00837A7C /* Build configuration list for PBXNativeTarget "HushhVoice" */;
			buildPhases = (
				C6535D4D2EA0B08C00837A7C /* Sources */,
				C6535D4E2EA0B08C00837A7C /* Frameworks */,
				C6535D4F2EA0B08C00837A7C /* Resources */,
			);
			buildRules = (
			);
			dependencies = (
			);
			name = HushhVoice;
			packageProductDependencies = (
				C6535D632EA0B35600837A7C /* OpenAIKit */,
			);
			productName = HushhVoice;
			productReference = C6535D512EA0B08C00837A7C /* HushhVoice.app */;
			productType = "com.apple.product-type.application";
		};
/* End PBXNativeTarget section */

/* Begin PBXProject section */
		C6535D492EA0B08C00837A7C /* Project object */ = {
			isa = PBXProject;
			attributes = {
				BuildIndependentTargetsInParallel = 1;
				LastSwiftUpdateCheck = 1500;
				LastUpgradeCheck = 1500;
				TargetAttributes = {
					C6535D502EA0B08C00837A7C = {
						CreatedOnToolsVersion = 15.0;
					};
				};
			};
			buildConfigurationList = C6535D4C2EA0B08C00837A7C /* Build configuration list for PBXProject "HushhVoice" */;
			compatibilityVersion = "Xcode 14.0";
			developmentRegion = en;
			hasScannedForEncodings = 0;
			knownRegions = (
				en,
				Base,
			);
			mainGroup = C6535D482EA0B08C00837A7C;
			packageReferences = (
				C6535D622EA0B35600837A7C /* XCRemoteSwiftPackageReference "OpenAIKit" */,
			);
			productRefGroup = C6535D522EA0B08C00837A7C /* Products */;
			projectDirPath = "";
			projectRoot = "";
			targets = (
				C6535D502EA0B08C00837A7C /* HushhVoice */,
			);
		};
/* End PBXProject section */

/* Begin PBXResourcesBuildPhase section */
		C6535D4F2EA0B08C00837A7C /* Resources */ = {
			isa = PBXResourcesBuildPhase;
			buildActionMask = 2147483647;
			files = (
				C6535D5C2EA0B08D00837A7C /* Preview Assets.xcassets in Resources */,
				C6535D592EA0B08D00837A7C /* Assets.xcassets in Resources */,
			);
			runOnlyForDeploymentPostprocessing = 0;
		};
/* End PBXResourcesBuildPhase section */

/* Begin PBXSourcesBuildPhase section */
		C6535D4D2EA0B08C00837A7C /* Sources */ = {
			isa = PBXSourcesBuildPhase;
			buildActionMask = 2147483647;
			files = (
				C6535D762EA0BB9E00837A7C /* ComposerView.swift in Sources */,
				C6535D742EA0BB7C00837A7C /* TypingIndicatorView.swift in Sources */,
				C6535D7A2EA0D06900837A7C /* AutoGrowingTextView.swift in Sources */,
				C6535D662EA0B6B400837A7C /* Models.swift in Sources */,
				C6535D722EA0BB1100837A7C /* Theme.swift in Sources */,
				C6535D6C2EA0B75000837A7C /* ChatStore.swift in Sources */,
				C6535D6A2EA0B72200837A7C /* GoogleSignInManager.swift in Sources */,
				C6535D702EA0B7A500837A7C /* ChatView.swift in Sources */,
				C6535D782EA0CFB200837A7C /* HeaderBar.swift in Sources */,
				C6535D6E2EA0B76C00837A7C /* MessageRow.swift in Sources */,
				C6535D552EA0B08C00837A7C /* HushhVoiceApp.swift in Sources */,
				C6535D682EA0B6F800837A7C /* HushhAPI.swift in Sources */,
			);
			runOnlyForDeploymentPostprocessing = 0;
		};
/* End PBXSourcesBuildPhase section */

/* Begin XCBuildConfiguration section */
		C6535D5D2EA0B08D00837A7C /* Debug */ = {
			isa = XCBuildConfiguration;
			buildSettings = {
				ALWAYS_SEARCH_USER_PATHS = NO;
				ASSETCATALOG_COMPILER_GENERATE_SWIFT_ASSET_SYMBOL_EXTENSIONS = YES;
				CLANG_ANALYZER_NONNULL = YES;
				CLANG_ANALYZER_NUMBER_OBJECT_CONVERSION = YES_AGGRESSIVE;
				CLANG_CXX_LANGUAGE_STANDARD = "gnu++20";
				CLANG_ENABLE_MODULES = YES;
				CLANG_ENABLE_OBJC_ARC = YES;
				CLANG_ENABLE_OBJC_WEAK = YES;
				CLANG_WARN_BLOCK_CAPTURE_AUTORELEASING = YES;
				CLANG_WARN_BOOL_CONVERSION = YES;
				CLANG_WARN_COMMA = YES;
				CLANG_WARN_CONSTANT_CONVERSION = YES;
				CLANG_WARN_DEPRECATED_OBJC_IMPLEMENTATIONS = YES;
				CLANG_WARN_DIRECT_OBJC_ISA_USAGE = YES_ERROR;
				CLANG_WARN_DOCUMENTATION_COMMENTS = YES;
				CLANG_WARN_EMPTY_BODY = YES;
				CLANG_WARN_ENUM_CONVERSION = YES;
				CLANG_WARN_INFINITE_RECURSION = YES;
				CLANG_WARN_INT_CONVERSION = YES;
				CLANG_WARN_NON_LITERAL_NULL_CONVERSION = YES;
				CLANG_WARN_OBJC_IMPLICIT_RETAIN_SELF = YES;
				CLANG_WARN_OBJC_LITERAL_CONVERSION = YES;
				CLANG_WARN_OBJC_ROOT_CLASS = YES_ERROR;
				CLANG_WARN_QUOTED_INCLUDE_IN_FRAMEWORK_HEADER = YES;
				CLANG_WARN_RANGE_LOOP_ANALYSIS = YES;
				CLANG_WARN_STRICT_PROTOTYPES = YES;
				CLANG_WARN_SUSPICIOUS_MOVE = YES;
				CLANG_WARN_UNGUARDED_AVAILABILITY = YES_AGGRESSIVE;
				CLANG_WARN_UNREACHABLE_CODE = YES;
				CLANG_WARN__DUPLICATE_METHOD_MATCH = YES;
				COPY_PHASE_STRIP = NO;
				DEBUG_INFORMATION_FORMAT = dwarf;
				ENABLE_STRICT_OBJC_MSGSEND = YES;
				ENABLE_TESTABILITY = YES;
				ENABLE_USER_SCRIPT_SANDBOXING = YES;
				GCC_C_LANGUAGE_STANDARD = gnu17;
				GCC_DYNAMIC_NO_PIC = NO;
				GCC_NO_COMMON_BLOCKS = YES;
				GCC_OPTIMIZATION_LEVEL = 0;
				GCC_PREPROCESSOR_DEFINITIONS = (
					"DEBUG=1",
					"$(inherited)",
				);
				GCC_WARN_64_TO_32_BIT_CONVERSION = YES;
				GCC_WARN_ABOUT_RETURN_TYPE = YES_ERROR;
				GCC_WARN_UNDECLARED_SELECTOR = YES;
				GCC_WARN_UNINITIALIZED_AUTOS = YES_AGGRESSIVE;
				GCC_WARN_UNUSED_FUNCTION = YES;
				GCC_WARN_UNUSED_VARIABLE = YES;
				IPHONEOS_DEPLOYMENT_TARGET = 17.0;
				LOCALIZATION_PREFERS_STRING_CATALOGS = YES;
				MTL_ENABLE_DEBUG_INFO = INCLUDE_SOURCE;
				MTL_FAST_MATH = YES;
				ONLY_ACTIVE_ARCH = YES;
				SDKROOT = iphoneos;
				SWIFT_ACTIVE_COMPILATION_CONDITIONS = "DEBUG $(inherited)";
				SWIFT_OPTIMIZATION_LEVEL = "-Onone";
			};
			name = Debug;
		};
		C6535D5E2EA0B08D00837A7C /* Release */ = {
			isa = XCBuildConfiguration;
			buildSettings = {
				ALWAYS_SEARCH_USER_PATHS = NO;
				ASSETCATALOG_COMPILER_GENERATE_SWIFT_ASSET_SYMBOL_EXTENSIONS = YES;
				CLANG_ANALYZER_NONNULL = YES;
				CLANG_ANALYZER_NUMBER_OBJECT_CONVERSION = YES_AGGRESSIVE;
				CLANG_CXX_LANGUAGE_STANDARD = "gnu++20";
				CLANG_ENABLE_MODULES = YES;
				CLANG_ENABLE_OBJC_ARC = YES;
				CLANG_ENABLE_OBJC_WEAK = YES;
				CLANG_WARN_BLOCK_CAPTURE_AUTORELEASING = YES;
				CLANG_WARN_BOOL_CONVERSION = YES;
				CLANG_WARN_COMMA = YES;
				CLANG_WARN_CONSTANT_CONVERSION = YES;
				CLANG_WARN_DEPRECATED_OBJC_IMPLEMENTATIONS = YES;
				CLANG_WARN_DIRECT_OBJC_ISA_USAGE = YES_ERROR;
				CLANG_WARN_DOCUMENTATION_COMMENTS = YES;
				CLANG_WARN_EMPTY_BODY = YES;
				CLANG_WARN_ENUM_CONVERSION = YES;
				CLANG_WARN_INFINITE_RECURSION = YES;
				CLANG_WARN_INT_CONVERSION = YES;
				CLANG_WARN_NON_LITERAL_NULL_CONVERSION = YES;
				CLANG_WARN_OBJC_IMPLICIT_RETAIN_SELF = YES;
				CLANG_WARN_OBJC_LITERAL_CONVERSION = YES;
				CLANG_WARN_OBJC_ROOT_CLASS = YES_ERROR;
				CLANG_WARN_QUOTED_INCLUDE_IN_FRAMEWORK_HEADER = YES;
				CLANG_WARN_RANGE_LOOP_ANALYSIS = YES;
				CLANG_WARN_STRICT_PROTOTYPES = YES;
				CLANG_WARN_SUSPICIOUS_MOVE = YES;
				CLANG_WARN_UNGUARDED_AVAILABILITY = YES_AGGRESSIVE;
				CLANG_WARN_UNREACHABLE_CODE = YES;
				CLANG_WARN__DUPLICATE_METHOD_MATCH = YES;
				COPY_PHASE_STRIP = NO;
				DEBUG_INFORMATION_FORMAT = "dwarf-with-dsym";
				ENABLE_NS_ASSERTIONS = NO;
				ENABLE_STRICT_OBJC_MSGSEND = YES;
				ENABLE_USER_SCRIPT_SANDBOXING = YES;
				GCC_C_LANGUAGE_STANDARD = gnu17;
				GCC_NO_COMMON_BLOCKS = YES;
				GCC_WARN_64_TO_32_BIT_CONVERSION = YES;
				GCC_WARN_ABOUT_RETURN_TYPE = YES_ERROR;
				GCC_WARN_UNDECLARED_SELECTOR = YES;
				GCC_WARN_UNINITIALIZED_AUTOS = YES_AGGRESSIVE;
				GCC_WARN_UNUSED_FUNCTION = YES;
				GCC_WARN_UNUSED_VARIABLE = YES;
				IPHONEOS_DEPLOYMENT_TARGET = 17.0;
				LOCALIZATION_PREFERS_STRING_CATALOGS = YES;
				MTL_ENABLE_DEBUG_INFO = NO;
				MTL_FAST_MATH = YES;
				SDKROOT = iphoneos;
				SWIFT_COMPILATION_MODE = wholemodule;
				VALIDATE_PRODUCT = YES;
			};
			name = Release;
		};
		C6535D602EA0B08D00837A7C /* Debug */ = {
			isa = XCBuildConfiguration;
			buildSettings = {
				ASSETCATALOG_COMPILER_APPICON_NAME = AppIcon;
				ASSETCATALOG_COMPILER_GLOBAL_ACCENT_COLOR_NAME = AccentColor;
				CODE_SIGN_STYLE = Automatic;
				CURRENT_PROJECT_VERSION = 1;
				DEVELOPMENT_ASSET_PATHS = "\"HushhVoice/Preview Content\"";
				ENABLE_PREVIEWS = YES;
				GENERATE_INFOPLIST_FILE = YES;
				INFOPLIST_KEY_UIApplicationSceneManifest_Generation = YES;
				INFOPLIST_KEY_UIApplicationSupportsIndirectInputEvents = YES;
				INFOPLIST_KEY_UILaunchScreen_Generation = YES;
				INFOPLIST_KEY_UISupportedInterfaceOrientations_iPad = "UIInterfaceOrientationPortrait UIInterfaceOrientationPortraitUpsideDown UIInterfaceOrientationLandscapeLeft UIInterfaceOrientationLandscapeRight";
				INFOPLIST_KEY_UISupportedInterfaceOrientations_iPhone = "UIInterfaceOrientationPortrait UIInterfaceOrientationLandscapeLeft UIInterfaceOrientationLandscapeRight";
				LD_RUNPATH_SEARCH_PATHS = (
					"$(inherited)",
					"@executable_path/Frameworks",
				);
				MARKETING_VERSION = 1.0;
				PRODUCT_BUNDLE_IDENTIFIER = "https---www.hushh.ai.HushhVoice";
				PRODUCT_NAME = "$(TARGET_NAME)";
				SWIFT_EMIT_LOC_STRINGS = YES;
				SWIFT_VERSION = 5.0;
				TARGETED_DEVICE_FAMILY = "1,2";
			};
			name = Debug;
		};
		C6535D612EA0B08D00837A7C /* Release */ = {
			isa = XCBuildConfiguration;
			buildSettings = {
				ASSETCATALOG_COMPILER_APPICON_NAME = AppIcon;
				ASSETCATALOG_COMPILER_GLOBAL_ACCENT_COLOR_NAME = AccentColor;
				CODE_SIGN_STYLE = Automatic;
				CURRENT_PROJECT_VERSION = 1;
				DEVELOPMENT_ASSET_PATHS = "\"HushhVoice/Preview Content\"";
				ENABLE_PREVIEWS = YES;
				GENERATE_INFOPLIST_FILE = YES;
				INFOPLIST_KEY_UIApplicationSceneManifest_Generation = YES;
				INFOPLIST_KEY_UIApplicationSupportsIndirectInputEvents = YES;
				INFOPLIST_KEY_UILaunchScreen_Generation = YES;
				INFOPLIST_KEY_UISupportedInterfaceOrientations_iPad = "UIInterfaceOrientationPortrait UIInterfaceOrientationPortraitUpsideDown UIInterfaceOrientationLandscapeLeft UIInterfaceOrientationLandscapeRight";
				INFOPLIST_KEY_UISupportedInterfaceOrientations_iPhone = "UIInterfaceOrientationPortrait UIInterfaceOrientationLandscapeLeft UIInterfaceOrientationLandscapeRight";
				LD_RUNPATH_SEARCH_PATHS = (
					"$(inherited)",
					"@executable_path/Frameworks",
				);
				MARKETING_VERSION = 1.0;
				PRODUCT_BUNDLE_IDENTIFIER = "https---www.hushh.ai.HushhVoice";
				PRODUCT_NAME = "$(TARGET_NAME)";
				SWIFT_EMIT_LOC_STRINGS = YES;
				SWIFT_VERSION = 5.0;
				TARGETED_DEVICE_FAMILY = "1,2";
			};
			name = Release;
		};
/* End XCBuildConfiguration section */

/* Begin XCConfigurationList section */
		C6535D4C2EA0B08C00837A7C /* Build configuration list for PBXProject "HushhVoice" */ = {
			isa = XCConfigurationList;
			buildConfigurations = (
				C6535D5D2EA0B08D00837A7C /* Debug */,
				C6535D5E2EA0B08D00837A7C /* Release */,
			);
			defaultConfigurationIsVisible = 0;
			defaultConfigurationName = Release;
		};
		C6535D5F2EA0B08D00837A7C /* Build configuration list for PBXNativeTarget "HushhVoice" */ = {
			isa = XCConfigurationList;
			buildConfigurations = (
				C6535D602EA0B08D00837A7C /* Debug */,
				C6535D612EA0B08D00837A7C /* Release */,
			);
			defaultConfigurationIsVisible = 0;
			defaultConfigurationName = Release;
		};
/* End XCConfigurationList section */

/* Begin XCRemoteSwiftPackageReference section */
		C6535D622EA0B35600837A7C /* XCRemoteSwiftPackageReference "OpenAIKit" */ = {
			isa = XCRemoteSwiftPackageReference;
			repositoryURL = "https://github.com/MarcoDotIO/OpenAIKit";
			requirement = {
				kind = upToNextMajorVersion;
				minimumVersion = 2.0.1;
			};
		};
/* End XCRemoteSwiftPackageReference section */

/* Begin XCSwiftPackageProductDependency section */
		C6535D632EA0B35600837A7C /* OpenAIKit */ = {
			isa = XCSwiftPackageProductDependency;
			package = C6535D622EA0B35600837A7C /* XCRemoteSwiftPackageReference "OpenAIKit" */;
			productName = OpenAIKit;
		};
/* End XCSwiftPackageProductDependency section */
	};
	rootObject = C6535D492EA0B08C00837A7C /* Project object */;
}
